
Microsoft Visual Studio Solution File, Format Version 12.00
# Visual Studio 15
VisualStudioVersion = 15.0.28307.1433
MinimumVisualStudioVersion = 10.0.40219.1
Project("{FAE04EC0-301F-11D3-BF4B-00C04F79EFBC}") = "LearnTodayWebAPI", "LearnTodayWebAPI\LearnTodayWebAPI.csproj", "{A383422C-90AA-48AA-A4A0-D73E9CCCFB97}"
EndProject
Global
	GlobalSection(SolutionConfigurationPlatforms) = preSolution
		Debug|Any CPU = Debug|Any CPU
		Release|Any CPU = Release|Any CPU
	EndGlobalSection
	GlobalSection(ProjectConfigurationPlatforms) = postSolution
		{A383422C-90AA-48AA-A4A0-D73E9CCCFB97}.Debug|Any CPU.ActiveCfg = Debug|Any CPU
		{A383422C-90AA-48AA-A4A0-D73E9CCCFB97}.Debug|Any CPU.Build.0 = Debug|Any CPU
		{A383422C-90AA-48AA-A4A0-D73E9CCCFB97}.Release|Any CPU.ActiveCfg = Release|Any CPU
		{A383422C-90AA-48AA-A4A0-D73E9CCCFB97}.Release|Any CPU.Build.0 = Release|Any CPU
	EndGlobalSection
	GlobalSection(SolutionProperties) = preSolution
		HideSolutionNode = FALSE
	EndGlobalSection
	GlobalSection(ExtensibilityGlobals) = postSolution
		SolutionGuid = {5792A3C3-F613-4B75-B650-DE6F1A564F87}
	EndGlobalSection
EndGlobal
