
Microsoft Visual Studio Solution File, Format Version 12.00
# Visual Studio 15
VisualStudioVersion = 15.0.28307.1433
MinimumVisualStudioVersion = 10.0.40219.1
Project("{FAE04EC0-301F-11D3-BF4B-00C04F79EFBC}") = "MoviesWebAPI", "MoviesWebAPI\MoviesWebAPI.csproj", "{1BFCFA77-D040-4197-B9F6-D60B8CECEDB4}"
EndProject
Global
	GlobalSection(SolutionConfigurationPlatforms) = preSolution
		Debug|Any CPU = Debug|Any CPU
		Release|Any CPU = Release|Any CPU
	EndGlobalSection
	GlobalSection(ProjectConfigurationPlatforms) = postSolution
		{1BFCFA77-D040-4197-B9F6-D60B8CECEDB4}.Debug|Any CPU.ActiveCfg = Debug|Any CPU
		{1BFCFA77-D040-4197-B9F6-D60B8CECEDB4}.Debug|Any CPU.Build.0 = Debug|Any CPU
		{1BFCFA77-D040-4197-B9F6-D60B8CECEDB4}.Release|Any CPU.ActiveCfg = Release|Any CPU
		{1BFCFA77-D040-4197-B9F6-D60B8CECEDB4}.Release|Any CPU.Build.0 = Release|Any CPU
	EndGlobalSection
	GlobalSection(SolutionProperties) = preSolution
		HideSolutionNode = FALSE
	EndGlobalSection
	GlobalSection(ExtensibilityGlobals) = postSolution
		SolutionGuid = {A8ED6FC5-F0C3-4A40-97B9-3CB06A90679C}
	EndGlobalSection
EndGlobal
